
Microsoft Visual Studio Solution File, Format Version 12.00
# Visual Studio Version 17
VisualStudioVersion = 17.3.32901.215
MinimumVisualStudioVersion = 10.0.40219.1
Project("{FAE04EC0-301F-11D3-BF4B-00C04F79EFBC}") = "ses-seviye-kontrol", "ses-seviye-kontrol\ses-seviye-kontrol.csproj", "{27CF6E8D-6CC4-4634-BDD8-7DFEB826DED6}"
EndProject
Global
	GlobalSection(SolutionConfigurationPlatforms) = preSolution
		Debug|Any CPU = Debug|Any CPU
		Release|Any CPU = Release|Any CPU
	EndGlobalSection
	GlobalSection(ProjectConfigurationPlatforms) = postSolution
		{27CF6E8D-6CC4-4634-BDD8-7DFEB826DED6}.Debug|Any CPU.ActiveCfg = Debug|Any CPU
		{27CF6E8D-6CC4-4634-BDD8-7DFEB826DED6}.Debug|Any CPU.Build.0 = Debug|Any CPU
		{27CF6E8D-6CC4-4634-BDD8-7DFEB826DED6}.Release|Any CPU.ActiveCfg = Release|Any CPU
		{27CF6E8D-6CC4-4634-BDD8-7DFEB826DED6}.Release|Any CPU.Build.0 = Release|Any CPU
	EndGlobalSection
	GlobalSection(SolutionProperties) = preSolution
		HideSolutionNode = FALSE
	EndGlobalSection
	GlobalSection(ExtensibilityGlobals) = postSolution
		SolutionGuid = {D0393090-ED28-44FD-93E4-B831A5538FAB}
	EndGlobalSection
EndGlobal
